// !$*UTF8*$!
{
	archiveVersion = 1;
	classes = {
	};
	objectVersion = 46;
	objects = {

/* Begin PBXBuildFile section */
		B5FDC0981AA1D77800B87C8B /* AppDelegate.swift in Sources */ = {isa = PBXBuildFile; fileRef = B5FDC0971AA1D77800B87C8B /* AppDelegate.swift */; };
		B5FDC09A1AA1D77800B87C8B /* ViewController.swift in Sources */ = {isa = PBXBuildFile; fileRef = B5FDC0991AA1D77800B87C8B /* ViewController.swift */; };
		B5FDC09D1AA1D77800B87C8B /* Main.storyboard in Resources */ = {isa = PBXBuildFile; fileRef = B5FDC09B1AA1D77800B87C8B /* Main.storyboard */; };
		B5FDC09F1AA1D77800B87C8B /* Images.xcassets in Resources */ = {isa = PBXBuildFile; fileRef = B5FDC09E1AA1D77800B87C8B /* Images.xcassets */; };
		B5FDC0A21AA1D77800B87C8B /* LaunchScreen.xib in Resources */ = {isa = PBXBuildFile; fileRef = B5FDC0A01AA1D77800B87C8B /* LaunchScreen.xib */; };
		B5FDC0AE1AA1D77800B87C8B /* spredishitTests.swift in Sources */ = {isa = PBXBuildFile; fileRef = B5FDC0AD1AA1D77800B87C8B /* spredishitTests.swift */; };
		B5FDC0B81AA1D7BC00B87C8B /* MyScene.sks in Resources */ = {isa = PBXBuildFile; fileRef = B5FDC0B71AA1D7BC00B87C8B /* MyScene.sks */; };
		B5FDC0BA1AA1E02300B87C8B /* SprideLink.swift in Sources */ = {isa = PBXBuildFile; fileRef = B5FDC0B91AA1E02300B87C8B /* SprideLink.swift */; };
/* End PBXBuildFile section */

/* Begin PBXContainerItemProxy section */
		B5FDC0A81AA1D77800B87C8B /* PBXContainerItemProxy */ = {
			isa = PBXContainerItemProxy;
			containerPortal = B5FDC08A1AA1D77700B87C8B /* Project object */;
			proxyType = 1;
			remoteGlobalIDString = B5FDC0911AA1D77700B87C8B;
			remoteInfo = spredishit;
		};
/* End PBXContainerItemProxy section */

/* Begin PBXFileReference section */
		B5FDC0921AA1D77800B87C8B /* spredishit.app */ = {isa = PBXFileReference; explicitFileType = wrapper.application; includeInIndex = 0; path = spredishit.app; sourceTree = BUILT_PRODUCTS_DIR; };
		B5FDC0961AA1D77800B87C8B /* Info.plist */ = {isa = PBXFileReference; lastKnownFileType = text.plist.xml; path = Info.plist; sourceTree = "<group>"; };
		B5FDC0971AA1D77800B87C8B /* AppDelegate.swift */ = {isa = PBXFileReference; lastKnownFileType = sourcecode.swift; path = AppDelegate.swift; sourceTree = "<group>"; };
		B5FDC0991AA1D77800B87C8B /* ViewController.swift */ = {isa = PBXFileReference; lastKnownFileType = sourcecode.swift; path = ViewController.swift; sourceTree = "<group>"; };
		B5FDC09C1AA1D77800B87C8B /* Base */ = {isa = PBXFileReference; lastKnownFileType = file.storyboard; name = Base; path = Base.lproj/Main.storyboard; sourceTree = "<group>"; };
		B5FDC09E1AA1D77800B87C8B /* Images.xcassets */ = {isa = PBXFileReference; lastKnownFileType = folder.assetcatalog; path = Images.xcassets; sourceTree = "<group>"; };
		B5FDC0A11AA1D77800B87C8B /* Base */ = {isa = PBXFileReference; lastKnownFileType = file.xib; name = Base; path = Base.lproj/LaunchScreen.xib; sourceTree = "<group>"; };
		B5FDC0A71AA1D77800B87C8B /* spredishitTests.xctest */ = {isa = PBXFileReference; explicitFileType = wrapper.cfbundle; includeInIndex = 0; path = spredishitTests.xctest; sourceTree = BUILT_PRODUCTS_DIR; };
		B5FDC0AC1AA1D77800B87C8B /* Info.plist */ = {isa = PBXFileReference; lastKnownFileType = text.plist.xml; path = Info.plist; sourceTree = "<group>"; };
		B5FDC0AD1AA1D77800B87C8B /* spredishitTests.swift */ = {isa = PBXFileReference; lastKnownFileType = sourcecode.swift; path = spredishitTests.swift; sourceTree = "<group>"; };
		B5FDC0B71AA1D7BC00B87C8B /* MyScene.sks */ = {isa = PBXFileReference; lastKnownFileType = file.sks; name = MyScene.sks; path = ../MyScene.sks; sourceTree = "<group>"; };
		B5FDC0B91AA1E02300B87C8B /* SprideLink.swift */ = {isa = PBXFileReference; fileEncoding = 4; lastKnownFileType = sourcecode.swift; name = SprideLink.swift; path = ../SprideLink.swift; sourceTree = "<group>"; };
/* End PBXFileReference section */

/* Begin PBXFrameworksBuildPhase section */
		B5FDC08F1AA1D77700B87C8B /* Frameworks */ = {
			isa = PBXFrameworksBuildPhase;
			buildActionMask = 2147483647;
			files = (
			);
			runOnlyForDeploymentPostprocessing = 0;
		};
		B5FDC0A41AA1D77800B87C8B /* Frameworks */ = {
			isa = PBXFrameworksBuildPhase;
			buildActionMask = 2147483647;
			files = (
			);
			runOnlyForDeploymentPostprocessing = 0;
		};
/* End PBXFrameworksBuildPhase section */

/* Begin PBXGroup section */
		B5FDC0891AA1D77700B87C8B = {
			isa = PBXGroup;
			children = (
				B5FDC0941AA1D77800B87C8B /* spredishit */,
				B5FDC0AA1AA1D77800B87C8B /* spredishitTests */,
				B5FDC0931AA1D77800B87C8B /* Products */,
			);
			sourceTree = "<group>";
		};
		B5FDC0931AA1D77800B87C8B /* Products */ = {
			isa = PBXGroup;
			children = (
				B5FDC0921AA1D77800B87C8B /* spredishit.app */,
				B5FDC0A71AA1D77800B87C8B /* spredishitTests.xctest */,
			);
			name = Products;
			sourceTree = "<group>";
		};
		B5FDC0941AA1D77800B87C8B /* spredishit */ = {
			isa = PBXGroup;
			children = (
				B5FDC0B91AA1E02300B87C8B /* SprideLink.swift */,
				B5FDC0B71AA1D7BC00B87C8B /* MyScene.sks */,
				B5FDC0971AA1D77800B87C8B /* AppDelegate.swift */,
				B5FDC0991AA1D77800B87C8B /* ViewController.swift */,
				B5FDC09B1AA1D77800B87C8B /* Main.storyboard */,
				B5FDC09E1AA1D77800B87C8B /* Images.xcassets */,
				B5FDC0A01AA1D77800B87C8B /* LaunchScreen.xib */,
				B5FDC0951AA1D77800B87C8B /* Supporting Files */,
			);
			path = spredishit;
			sourceTree = "<group>";
		};
		B5FDC0951AA1D77800B87C8B /* Supporting Files */ = {
			isa = PBXGroup;
			children = (
				B5FDC0961AA1D77800B87C8B /* Info.plist */,
			);
			name = "Supporting Files";
			sourceTree = "<group>";
		};
		B5FDC0AA1AA1D77800B87C8B /* spredishitTests */ = {
			isa = PBXGroup;
			children = (
				B5FDC0AD1AA1D77800B87C8B /* spredishitTests.swift */,
				B5FDC0AB1AA1D77800B87C8B /* Supporting Files */,
			);
			path = spredishitTests;
			sourceTree = "<group>";
		};
		B5FDC0AB1AA1D77800B87C8B /* Supporting Files */ = {
			isa = PBXGroup;
			children = (
				B5FDC0AC1AA1D77800B87C8B /* Info.plist */,
			);
			name = "Supporting Files";
			sourceTree = "<group>";
		};
/* End PBXGroup section */

/* Begin PBXNativeTarget section */
		B5FDC0911AA1D77700B87C8B /* spredishit */ = {
			isa = PBXNativeTarget;
			buildConfigurationList = B5FDC0B11AA1D77800B87C8B /* Build configuration list for PBXNativeTarget "spredishit" */;
			buildPhases = (
				B5FDC08E1AA1D77700B87C8B /* Sources */,
				B5FDC08F1AA1D77700B87C8B /* Frameworks */,
				B5FDC0901AA1D77700B87C8B /* Resources */,
			);
			buildRules = (
			);
			dependencies = (
			);
			name = spredishit;
			productName = spredishit;
			productReference = B5FDC0921AA1D77800B87C8B /* spredishit.app */;
			productType = "com.apple.product-type.application";
		};
		B5FDC0A61AA1D77800B87C8B /* spredishitTests */ = {
			isa = PBXNativeTarget;
			buildConfigurationList = B5FDC0B41AA1D77800B87C8B /* Build configuration list for PBXNativeTarget "spredishitTests" */;
			buildPhases = (
				B5FDC0A31AA1D77800B87C8B /* Sources */,
				B5FDC0A41AA1D77800B87C8B /* Frameworks */,
				B5FDC0A51AA1D77800B87C8B /* Resources */,
			);
			buildRules = (
			);
			dependencies = (
				B5FDC0A91AA1D77800B87C8B /* PBXTargetDependency */,
			);
			name = spredishitTests;
			productName = spredishitTests;
			productReference = B5FDC0A71AA1D77800B87C8B /* spredishitTests.xctest */;
			productType = "com.apple.product-type.bundle.unit-test";
		};
/* End PBXNativeTarget section */

/* Begin PBXProject section */
		B5FDC08A1AA1D77700B87C8B /* Project object */ = {
			isa = PBXProject;
			attributes = {
				LastUpgradeCheck = 0610;
				ORGANIZATIONNAME = "Davide Patrizi";
				TargetAttributes = {
					B5FDC0911AA1D77700B87C8B = {
						CreatedOnToolsVersion = 6.1.1;
					};
					B5FDC0A61AA1D77800B87C8B = {
						CreatedOnToolsVersion = 6.1.1;
						TestTargetID = B5FDC0911AA1D77700B87C8B;
					};
				};
			};
			buildConfigurationList = B5FDC08D1AA1D77700B87C8B /* Build configuration list for PBXProject "spredishit" */;
			compatibilityVersion = "Xcode 3.2";
			developmentRegion = English;
			hasScannedForEncodings = 0;
			knownRegions = (
				en,
				Base,
			);
			mainGroup = B5FDC0891AA1D77700B87C8B;
			productRefGroup = B5FDC0931AA1D77800B87C8B /* Products */;
			projectDirPath = "";
			projectRoot = "";
			targets = (
				B5FDC0911AA1D77700B87C8B /* spredishit */,
				B5FDC0A61AA1D77800B87C8B /* spredishitTests */,
			);
		};
/* End PBXProject section */

/* Begin PBXResourcesBuildPhase section */
		B5FDC0901AA1D77700B87C8B /* Resources */ = {
			isa = PBXResourcesBuildPhase;
			buildActionMask = 2147483647;
			files = (
				B5FDC09D1AA1D77800B87C8B /* Main.storyboard in Resources */,
				B5FDC0A21AA1D77800B87C8B /* LaunchScreen.xib in Resources */,
				B5FDC0B81AA1D7BC00B87C8B /* MyScene.sks in Resources */,
				B5FDC09F1AA1D77800B87C8B /* Images.xcassets in Resources */,
			);
			runOnlyForDeploymentPostprocessing = 0;
		};
		B5FDC0A51AA1D77800B87C8B /* Resources */ = {
			isa = PBXResourcesBuildPhase;
			buildActionMask = 2147483647;
			files = (
			);
			runOnlyForDeploymentPostprocessing = 0;
		};
/* End PBXResourcesBuildPhase section */

/* Begin PBXSourcesBuildPhase section */
		B5FDC08E1AA1D77700B87C8B /* Sources */ = {
			isa = PBXSourcesBuildPhase;
			buildActionMask = 2147483647;
			files = (
				B5FDC0BA1AA1E02300B87C8B /* SprideLink.swift in Sources */,
				B5FDC09A1AA1D77800B87C8B /* ViewController.swift in Sources */,
				B5FDC0981AA1D77800B87C8B /* AppDelegate.swift in Sources */,
			);
			runOnlyForDeploymentPostprocessing = 0;
		};
		B5FDC0A31AA1D77800B87C8B /* Sources */ = {
			isa = PBXSourcesBuildPhase;
			buildActionMask = 2147483647;
			files = (
				B5FDC0AE1AA1D77800B87C8B /* spredishitTests.swift in Sources */,
			);
			runOnlyForDeploymentPostprocessing = 0;
		};
/* End PBXSourcesBuildPhase section */

/* Begin PBXTargetDependency section */
		B5FDC0A91AA1D77800B87C8B /* PBXTargetDependency */ = {
			isa = PBXTargetDependency;
			target = B5FDC0911AA1D77700B87C8B /* spredishit */;
			targetProxy = B5FDC0A81AA1D77800B87C8B /* PBXContainerItemProxy */;
		};
/* End PBXTargetDependency section */

/* Begin PBXVariantGroup section */
		B5FDC09B1AA1D77800B87C8B /* Main.storyboard */ = {
			isa = PBXVariantGroup;
			children = (
				B5FDC09C1AA1D77800B87C8B /* Base */,
			);
			name = Main.storyboard;
			sourceTree = "<group>";
		};
		B5FDC0A01AA1D77800B87C8B /* LaunchScreen.xib */ = {
			isa = PBXVariantGroup;
			children = (
				B5FDC0A11AA1D77800B87C8B /* Base */,
			);
			name = LaunchScreen.xib;
			sourceTree = "<group>";
		};
/* End PBXVariantGroup section */

/* Begin XCBuildConfiguration section */
		B5FDC0AF1AA1D77800B87C8B /* Debug */ = {
			isa = XCBuildConfiguration;
			buildSettings = {
				ALWAYS_SEARCH_USER_PATHS = NO;
				CLANG_CXX_LANGUAGE_STANDARD = "gnu++0x";
				CLANG_CXX_LIBRARY = "libc++";
				CLANG_ENABLE_MODULES = YES;
				CLANG_ENABLE_OBJC_ARC = YES;
				CLANG_WARN_BOOL_CONVERSION = YES;
				CLANG_WARN_CONSTANT_CONVERSION = YES;
				CLANG_WARN_DIRECT_OBJC_ISA_USAGE = YES_ERROR;
				CLANG_WARN_EMPTY_BODY = YES;
				CLANG_WARN_ENUM_CONVERSION = YES;
				CLANG_WARN_INT_CONVERSION = YES;
				CLANG_WARN_OBJC_ROOT_CLASS = YES_ERROR;
				CLANG_WARN_UNREACHABLE_CODE = YES;
				CLANG_WARN__DUPLICATE_METHOD_MATCH = YES;
				"CODE_SIGN_IDENTITY[sdk=iphoneos*]" = "iPhone Developer";
				COPY_PHASE_STRIP = NO;
				ENABLE_STRICT_OBJC_MSGSEND = YES;
				GCC_C_LANGUAGE_STANDARD = gnu99;
				GCC_DYNAMIC_NO_PIC = NO;
				GCC_OPTIMIZATION_LEVEL = 0;
				GCC_PREPROCESSOR_DEFINITIONS = (
					"DEBUG=1",
					"$(inherited)",
				);
				GCC_SYMBOLS_PRIVATE_EXTERN = NO;
				GCC_WARN_64_TO_32_BIT_CONVERSION = YES;
				GCC_WARN_ABOUT_RETURN_TYPE = YES_ERROR;
				GCC_WARN_UNDECLARED_SELECTOR = YES;
				GCC_WARN_UNINITIALIZED_AUTOS = YES_AGGRESSIVE;
				GCC_WARN_UNUSED_FUNCTION = YES;
				GCC_WARN_UNUSED_VARIABLE = YES;
				IPHONEOS_DEPLOYMENT_TARGET = 8.1;
				MTL_ENABLE_DEBUG_INFO = YES;
				ONLY_ACTIVE_ARCH = YES;
				SDKROOT = iphoneos;
				SWIFT_OPTIMIZATION_LEVEL = "-Onone";
			};
			name = Debug;
		};
		B5FDC0B01AA1D77800B87C8B /* Release */ = {
			isa = XCBuildConfiguration;
			buildSettings = {
				ALWAYS_SEARCH_USER_PATHS = NO;
				CLANG_CXX_LANGUAGE_STANDARD = "gnu++0x";
				CLANG_CXX_LIBRARY = "libc++";
				CLANG_ENABLE_MODULES = YES;
				CLANG_ENABLE_OBJC_ARC = YES;
				CLANG_WARN_BOOL_CONVERSION = YES;
				CLANG_WARN_CONSTANT_CONVERSION = YES;
				CLANG_WARN_DIRECT_OBJC_ISA_USAGE = YES_ERROR;
				CLANG_WARN_EMPTY_BODY = YES;
				CLANG_WARN_ENUM_CONVERSION = YES;
				CLANG_WARN_INT_CONVERSION = YES;
				CLANG_WARN_OBJC_ROOT_CLASS = YES_ERROR;
				CLANG_WARN_UNREACHABLE_CODE = YES;
				CLANG_WARN__DUPLICATE_METHOD_MATCH = YES;
				"CODE_SIGN_IDENTITY[sdk=iphoneos*]" = "iPhone Developer";
				COPY_PHASE_STRIP = YES;
				ENABLE_NS_ASSERTIONS = NO;
				ENABLE_STRICT_OBJC_MSGSEND = YES;
				GCC_C_LANGUAGE_STANDARD = gnu99;
				GCC_WARN_64_TO_32_BIT_CONVERSION = YES;
				GCC_WARN_ABOUT_RETURN_TYPE = YES_ERROR;
				GCC_WARN_UNDECLARED_SELECTOR = YES;
				GCC_WARN_UNINITIALIZED_AUTOS = YES_AGGRESSIVE;
				GCC_WARN_UNUSED_FUNCTION = YES;
				GCC_WARN_UNUSED_VARIABLE = YES;
				IPHONEOS_DEPLOYMENT_TARGET = 8.1;
				MTL_ENABLE_DEBUG_INFO = NO;
				SDKROOT = iphoneos;
				VALIDATE_PRODUCT = YES;
			};
			name = Release;
		};
		B5FDC0B21AA1D77800B87C8B /* Debug */ = {
			isa = XCBuildConfiguration;
			buildSettings = {
				ASSETCATALOG_COMPILER_APPICON_NAME = AppIcon;
				INFOPLIST_FILE = spredishit/Info.plist;
				LD_RUNPATH_SEARCH_PATHS = "$(inherited) @executable_path/Frameworks";
				PRODUCT_NAME = "$(TARGET_NAME)";
			};
			name = Debug;
		};
		B5FDC0B31AA1D77800B87C8B /* Release */ = {
			isa = XCBuildConfiguration;
			buildSettings = {
				ASSETCATALOG_COMPILER_APPICON_NAME = AppIcon;
				INFOPLIST_FILE = spredishit/Info.plist;
				LD_RUNPATH_SEARCH_PATHS = "$(inherited) @executable_path/Frameworks";
				PRODUCT_NAME = "$(TARGET_NAME)";
			};
			name = Release;
		};
		B5FDC0B51AA1D77800B87C8B /* Debug */ = {
			isa = XCBuildConfiguration;
			buildSettings = {
				BUNDLE_LOADER = "$(TEST_HOST)";
				FRAMEWORK_SEARCH_PATHS = (
					"$(SDKROOT)/Developer/Library/Frameworks",
					"$(inherited)",
				);
				GCC_PREPROCESSOR_DEFINITIONS = (
					"DEBUG=1",
					"$(inherited)",
				);
				INFOPLIST_FILE = spredishitTests/Info.plist;
				LD_RUNPATH_SEARCH_PATHS = "$(inherited) @executable_path/Frameworks @loader_path/Frameworks";
				PRODUCT_NAME = "$(TARGET_NAME)";
				TEST_HOST = "$(BUILT_PRODUCTS_DIR)/spredishit.app/spredishit";
			};
			name = Debug;
		};
		B5FDC0B61AA1D77800B87C8B /* Release */ = {
			isa = XCBuildConfiguration;
			buildSettings = {
				BUNDLE_LOADER = "$(TEST_HOST)";
				FRAMEWORK_SEARCH_PATHS = (
					"$(SDKROOT)/Developer/Library/Frameworks",
					"$(inherited)",
				);
				INFOPLIST_FILE = spredishitTests/Info.plist;
				LD_RUNPATH_SEARCH_PATHS = "$(inherited) @executable_path/Frameworks @loader_path/Frameworks";
				PRODUCT_NAME = "$(TARGET_NAME)";
				TEST_HOST = "$(BUILT_PRODUCTS_DIR)/spredishit.app/spredishit";
			};
			name = Release;
		};
/* End XCBuildConfiguration section */

/* Begin XCConfigurationList section */
		B5FDC08D1AA1D77700B87C8B /* Build configuration list for PBXProject "spredishit" */ = {
			isa = XCConfigurationList;
			buildConfigurations = (
				B5FDC0AF1AA1D77800B87C8B /* Debug */,
				B5FDC0B01AA1D77800B87C8B /* Release */,
			);
			defaultConfigurationIsVisible = 0;
			defaultConfigurationName = Release;
		};
		B5FDC0B11AA1D77800B87C8B /* Build configuration list for PBXNativeTarget "spredishit" */ = {
			isa = XCConfigurationList;
			buildConfigurations = (
				B5FDC0B21AA1D77800B87C8B /* Debug */,
				B5FDC0B31AA1D77800B87C8B /* Release */,
			);
			defaultConfigurationIsVisible = 0;
		};
		B5FDC0B41AA1D77800B87C8B /* Build configuration list for PBXNativeTarget "spredishitTests" */ = {
			isa = XCConfigurationList;
			buildConfigurations = (
				B5FDC0B51AA1D77800B87C8B /* Debug */,
				B5FDC0B61AA1D77800B87C8B /* Release */,
			);
			defaultConfigurationIsVisible = 0;
		};
/* End XCConfigurationList section */
	};
	rootObject = B5FDC08A1AA1D77700B87C8B /* Project object */;
}
